
Microsoft Visual Studio Solution File, Format Version 12.00
# Visual Studio Version 16
VisualStudioVersion = 16.0.30114.105
MinimumVisualStudioVersion = 10.0.40219.1
Project("{9A19103F-16F7-4668-BE54-9A1E7A4F7556}") = "WalkingClubAdmin", "WalkingClubAdmin\WalkingClubAdmin.csproj", "{29AD2F19-50F3-40B9-A03A-379A71CE071A}"
EndProject
Project("{FAE04EC0-301F-11D3-BF4B-00C04F79EFBC}") = "WalkPageGen", "WalkPageGen\WalkPageGen.csproj", "{35E1C008-BBEA-4BF5-908B-4D21B7CB8C6E}"
EndProject
Project("{FAE04EC0-301F-11D3-BF4B-00C04F79EFBC}") = "WalkPageGen.Tests", "WalkPageGen.Tests\WalkPageGen.Tests.csproj", "{2411D427-AEC3-4D25-92CB-70695252A4A2}"
EndProject
Global
	GlobalSection(SolutionConfigurationPlatforms) = preSolution
		Debug|Any CPU = Debug|Any CPU
		Release|Any CPU = Release|Any CPU
	EndGlobalSection
	GlobalSection(ProjectConfigurationPlatforms) = postSolution
		{29AD2F19-50F3-40B9-A03A-379A71CE071A}.Debug|Any CPU.ActiveCfg = Debug|Any CPU
		{29AD2F19-50F3-40B9-A03A-379A71CE071A}.Debug|Any CPU.Build.0 = Debug|Any CPU
		{29AD2F19-50F3-40B9-A03A-379A71CE071A}.Release|Any CPU.ActiveCfg = Release|Any CPU
		{29AD2F19-50F3-40B9-A03A-379A71CE071A}.Release|Any CPU.Build.0 = Release|Any CPU
		{35E1C008-BBEA-4BF5-908B-4D21B7CB8C6E}.Debug|Any CPU.ActiveCfg = Debug|Any CPU
		{35E1C008-BBEA-4BF5-908B-4D21B7CB8C6E}.Debug|Any CPU.Build.0 = Debug|Any CPU
		{35E1C008-BBEA-4BF5-908B-4D21B7CB8C6E}.Release|Any CPU.ActiveCfg = Release|Any CPU
		{35E1C008-BBEA-4BF5-908B-4D21B7CB8C6E}.Release|Any CPU.Build.0 = Release|Any CPU
		{2411D427-AEC3-4D25-92CB-70695252A4A2}.Debug|Any CPU.ActiveCfg = Debug|Any CPU
		{2411D427-AEC3-4D25-92CB-70695252A4A2}.Debug|Any CPU.Build.0 = Debug|Any CPU
		{2411D427-AEC3-4D25-92CB-70695252A4A2}.Release|Any CPU.ActiveCfg = Release|Any CPU
		{2411D427-AEC3-4D25-92CB-70695252A4A2}.Release|Any CPU.Build.0 = Release|Any CPU
	EndGlobalSection
	GlobalSection(SolutionProperties) = preSolution
		HideSolutionNode = FALSE
	EndGlobalSection
	GlobalSection(ExtensibilityGlobals) = postSolution
		SolutionGuid = {918C25E5-3523-4B06-B0F7-3564979C6068}
	EndGlobalSection
EndGlobal
